
Microsoft Visual Studio Solution File, Format Version 11.00
# Visual Studio 2010
Project("{FAE04EC0-301F-11D3-BF4B-00C04F79EFBC}") = "SDW_Wellbeing", "SDW_Wellbeing\SDW_Wellbeing.csproj", "{A05ACCA3-98A4-49CD-AD70-DE1EBFDE5B9A}"
EndProject
Global
	GlobalSection(SolutionConfigurationPlatforms) = preSolution
		Debug|Any CPU = Debug|Any CPU
		Release|Any CPU = Release|Any CPU
	EndGlobalSection
	GlobalSection(ProjectConfigurationPlatforms) = postSolution
		{A05ACCA3-98A4-49CD-AD70-DE1EBFDE5B9A}.Debug|Any CPU.ActiveCfg = Debug|Any CPU
		{A05ACCA3-98A4-49CD-AD70-DE1EBFDE5B9A}.Debug|Any CPU.Build.0 = Debug|Any CPU
		{A05ACCA3-98A4-49CD-AD70-DE1EBFDE5B9A}.Release|Any CPU.ActiveCfg = Release|Any CPU
		{A05ACCA3-98A4-49CD-AD70-DE1EBFDE5B9A}.Release|Any CPU.Build.0 = Release|Any CPU
	EndGlobalSection
	GlobalSection(SolutionProperties) = preSolution
		HideSolutionNode = FALSE
	EndGlobalSection
EndGlobal
